
Microsoft Visual Studio Solution File, Format Version 12.00
# Visual Studio Version 17
VisualStudioVersion = 17.5.002.0
MinimumVisualStudioVersion = 10.0.40219.1
Project("{9A19103F-16F7-4668-BE54-9A1E7A4F7556}") = "BlazorDeploy", "BlazorDeploy.csproj", "{B105C69A-FA29-4B24-919E-F4EABBC0FDF5}"
EndProject
Global
	GlobalSection(SolutionConfigurationPlatforms) = preSolution
		Debug|Any CPU = Debug|Any CPU
		Release|Any CPU = Release|Any CPU
	EndGlobalSection
	GlobalSection(ProjectConfigurationPlatforms) = postSolution
		{B105C69A-FA29-4B24-919E-F4EABBC0FDF5}.Debug|Any CPU.ActiveCfg = Debug|Any CPU
		{B105C69A-FA29-4B24-919E-F4EABBC0FDF5}.Debug|Any CPU.Build.0 = Debug|Any CPU
		{B105C69A-FA29-4B24-919E-F4EABBC0FDF5}.Release|Any CPU.ActiveCfg = Release|Any CPU
		{B105C69A-FA29-4B24-919E-F4EABBC0FDF5}.Release|Any CPU.Build.0 = Release|Any CPU
	EndGlobalSection
	GlobalSection(SolutionProperties) = preSolution
		HideSolutionNode = FALSE
	EndGlobalSection
	GlobalSection(ExtensibilityGlobals) = postSolution
		SolutionGuid = {39E597DF-14CF-4E4A-9989-5C694D8A89A6}
	EndGlobalSection
EndGlobal
